// !$*UTF8*$!
{
	archiveVersion = 1;
	classes = {
	};
	objectVersion = 77;
	objects = {

/* Begin PBXBuildFile section */
		3EDB9F552ECB106B005731B8 /* FirebaseCore in Frameworks */ = {isa = PBXBuildFile; productRef = 3EDB9F542ECB106B005731B8 /* FirebaseCore */; };
		3EDB9F572ECB107B005731B8 /* FirebaseFirestore in Frameworks */ = {isa = PBXBuildFile; productRef = 3EDB9F562ECB107B005731B8 /* FirebaseFirestore */; };
		3EDB9F592ECB1080005731B8 /* FirebaseAuth in Frameworks */ = {isa = PBXBuildFile; productRef = 3EDB9F582ECB1080005731B8 /* FirebaseAuth */; };
		3EDB9F5B2ECB1090005731B8 /* FirebaseStorage in Frameworks */ = {isa = PBXBuildFile; productRef = 3EDB9F5A2ECB1090005731B8 /* FirebaseStorage */; };
/* End PBXBuildFile section */

/* Begin PBXContainerItemProxy section */
		3EDB9F092EC96436005731B8 /* PBXContainerItemProxy */ = {
			isa = PBXContainerItemProxy;
			containerPortal = 3EDB9EF32EC96433005731B8 /* Project object */;
			proxyType = 1;
			remoteGlobalIDString = 3EDB9EFA2EC96433005731B8;
			remoteInfo = "Garcia-SanchezLeslieFinal";
		};
		3EDB9F132EC96436005731B8 /* PBXContainerItemProxy */ = {
			isa = PBXContainerItemProxy;
			containerPortal = 3EDB9EF32EC96433005731B8 /* Project object */;
			proxyType = 1;
			remoteGlobalIDString = 3EDB9EFA2EC96433005731B8;
			remoteInfo = "Garcia-SanchezLeslieFinal";
		};
/* End PBXContainerItemProxy section */

/* Begin PBXFileReference section */
		3EDB9EFB2EC96433005731B8 /* Garcia-SanchezLeslieFinal.app */ = {isa = PBXFileReference; explicitFileType = wrapper.application; includeInIndex = 0; path = "Garcia-SanchezLeslieFinal.app"; sourceTree = BUILT_PRODUCTS_DIR; };
		3EDB9F082EC96436005731B8 /* Garcia-SanchezLeslieFinalTests.xctest */ = {isa = PBXFileReference; explicitFileType = wrapper.cfbundle; includeInIndex = 0; path = "Garcia-SanchezLeslieFinalTests.xctest"; sourceTree = BUILT_PRODUCTS_DIR; };
		3EDB9F122EC96436005731B8 /* Garcia-SanchezLeslieFinalUITests.xctest */ = {isa = PBXFileReference; explicitFileType = wrapper.cfbundle; includeInIndex = 0; path = "Garcia-SanchezLeslieFinalUITests.xctest"; sourceTree = BUILT_PRODUCTS_DIR; };
/* End PBXFileReference section */

/* Begin PBXFileSystemSynchronizedRootGroup section */
		3EDB9EFD2EC96433005731B8 /* Garcia-SanchezLeslieFinal */ = {
			isa = PBXFileSystemSynchronizedRootGroup;
			path = "Garcia-SanchezLeslieFinal";
			sourceTree = "<group>";
		};
		3EDB9F0B2EC96436005731B8 /* Garcia-SanchezLeslieFinalTests */ = {
			isa = PBXFileSystemSynchronizedRootGroup;
			path = "Garcia-SanchezLeslieFinalTests";
			sourceTree = "<group>";
		};
		3EDB9F152EC96436005731B8 /* Garcia-SanchezLeslieFinalUITests */ = {
			isa = PBXFileSystemSynchronizedRootGroup;
			path = "Garcia-SanchezLeslieFinalUITests";
			sourceTree = "<group>";
		};
/* End PBXFileSystemSynchronizedRootGroup section */

/* Begin PBXFrameworksBuildPhase section */
		3EDB9EF82EC96433005731B8 /* Frameworks */ = {
			isa = PBXFrameworksBuildPhase;
			buildActionMask = 2147483647;
			files = (
				3EDB9F552ECB106B005731B8 /* FirebaseCore in Frameworks */,
				3EDB9F5B2ECB1090005731B8 /* FirebaseStorage in Frameworks */,
				3EDB9F592ECB1080005731B8 /* FirebaseAuth in Frameworks */,
				3EDB9F572ECB107B005731B8 /* FirebaseFirestore in Frameworks */,
			);
			runOnlyForDeploymentPostprocessing = 0;
		};
		3EDB9F052EC96436005731B8 /* Frameworks */ = {
			isa = PBXFrameworksBuildPhase;
			buildActionMask = 2147483647;
			files = (
			);
			runOnlyForDeploymentPostprocessing = 0;
		};
		3EDB9F0F2EC96436005731B8 /* Frameworks */ = {
			isa = PBXFrameworksBuildPhase;
			buildActionMask = 2147483647;
			files = (
			);
			runOnlyForDeploymentPostprocessing = 0;
		};
/* End PBXFrameworksBuildPhase section */

/* Begin PBXGroup section */
		3EDB9EF22EC96433005731B8 = {
			isa = PBXGroup;
			children = (
				3EDB9EFD2EC96433005731B8 /* Garcia-SanchezLeslieFinal */,
				3EDB9F0B2EC96436005731B8 /* Garcia-SanchezLeslieFinalTests */,
				3EDB9F152EC96436005731B8 /* Garcia-SanchezLeslieFinalUITests */,
				3EDB9F532ECB106B005731B8 /* Frameworks */,
				3EDB9EFC2EC96433005731B8 /* Products */,
			);
			sourceTree = "<group>";
		};
		3EDB9EFC2EC96433005731B8 /* Products */ = {
			isa = PBXGroup;
			children = (
				3EDB9EFB2EC96433005731B8 /* Garcia-SanchezLeslieFinal.app */,
				3EDB9F082EC96436005731B8 /* Garcia-SanchezLeslieFinalTests.xctest */,
				3EDB9F122EC96436005731B8 /* Garcia-SanchezLeslieFinalUITests.xctest */,
			);
			name = Products;
			sourceTree = "<group>";
		};
		3EDB9F532ECB106B005731B8 /* Frameworks */ = {
			isa = PBXGroup;
			children = (
			);
			name = Frameworks;
			sourceTree = "<group>";
		};
/* End PBXGroup section */

/* Begin PBXNativeTarget section */
		3EDB9EFA2EC96433005731B8 /* Garcia-SanchezLeslieFinal */ = {
			isa = PBXNativeTarget;
			buildConfigurationList = 3EDB9F1C2EC96436005731B8 /* Build configuration list for PBXNativeTarget "Garcia-SanchezLeslieFinal" */;
			buildPhases = (
				3EDB9EF72EC96433005731B8 /* Sources */,
				3EDB9EF82EC96433005731B8 /* Frameworks */,
				3EDB9EF92EC96433005731B8 /* Resources */,
			);
			buildRules = (
			);
			dependencies = (
			);
			fileSystemSynchronizedGroups = (
				3EDB9EFD2EC96433005731B8 /* Garcia-SanchezLeslieFinal */,
			);
			name = "Garcia-SanchezLeslieFinal";
			packageProductDependencies = (
				3EDB9F542ECB106B005731B8 /* FirebaseCore */,
				3EDB9F562ECB107B005731B8 /* FirebaseFirestore */,
				3EDB9F582ECB1080005731B8 /* FirebaseAuth */,
				3EDB9F5A2ECB1090005731B8 /* FirebaseStorage */,
			);
			productName = "Garcia-SanchezLeslieFinal";
			productReference = 3EDB9EFB2EC96433005731B8 /* Garcia-SanchezLeslieFinal.app */;
			productType = "com.apple.product-type.application";
		};
		3EDB9F072EC96436005731B8 /* Garcia-SanchezLeslieFinalTests */ = {
			isa = PBXNativeTarget;
			buildConfigurationList = 3EDB9F1F2EC96436005731B8 /* Build configuration list for PBXNativeTarget "Garcia-SanchezLeslieFinalTests" */;
			buildPhases = (
				3EDB9F042EC96436005731B8 /* Sources */,
				3EDB9F052EC96436005731B8 /* Frameworks */,
				3EDB9F062EC96436005731B8 /* Resources */,
			);
			buildRules = (
			);
			dependencies = (
				3EDB9F0A2EC96436005731B8 /* PBXTargetDependency */,
			);
			fileSystemSynchronizedGroups = (
				3EDB9F0B2EC96436005731B8 /* Garcia-SanchezLeslieFinalTests */,
			);
			name = "Garcia-SanchezLeslieFinalTests";
			packageProductDependencies = (
			);
			productName = "Garcia-SanchezLeslieFinalTests";
			productReference = 3EDB9F082EC96436005731B8 /* Garcia-SanchezLeslieFinalTests.xctest */;
			productType = "com.apple.product-type.bundle.unit-test";
		};
		3EDB9F112EC96436005731B8 /* Garcia-SanchezLeslieFinalUITests */ = {
			isa = PBXNativeTarget;
			buildConfigurationList = 3EDB9F222EC96436005731B8 /* Build configuration list for PBXNativeTarget "Garcia-SanchezLeslieFinalUITests" */;
			buildPhases = (
				3EDB9F0E2EC96436005731B8 /* Sources */,
				3EDB9F0F2EC96436005731B8 /* Frameworks */,
				3EDB9F102EC96436005731B8 /* Resources */,
			);
			buildRules = (
			);
			dependencies = (
				3EDB9F142EC96436005731B8 /* PBXTargetDependency */,
			);
			fileSystemSynchronizedGroups = (
				3EDB9F152EC96436005731B8 /* Garcia-SanchezLeslieFinalUITests */,
			);
			name = "Garcia-SanchezLeslieFinalUITests";
			packageProductDependencies = (
			);
			productName = "Garcia-SanchezLeslieFinalUITests";
			productReference = 3EDB9F122EC96436005731B8 /* Garcia-SanchezLeslieFinalUITests.xctest */;
			productType = "com.apple.product-type.bundle.ui-testing";
		};
/* End PBXNativeTarget section */

/* Begin PBXProject section */
		3EDB9EF32EC96433005731B8 /* Project object */ = {
			isa = PBXProject;
			attributes = {
				BuildIndependentTargetsInParallel = 1;
				LastSwiftUpdateCheck = 2610;
				LastUpgradeCheck = 2610;
				TargetAttributes = {
					3EDB9EFA2EC96433005731B8 = {
						CreatedOnToolsVersion = 26.1.1;
					};
					3EDB9F072EC96436005731B8 = {
						CreatedOnToolsVersion = 26.1.1;
						TestTargetID = 3EDB9EFA2EC96433005731B8;
					};
					3EDB9F112EC96436005731B8 = {
						CreatedOnToolsVersion = 26.1.1;
						TestTargetID = 3EDB9EFA2EC96433005731B8;
					};
				};
			};
			buildConfigurationList = 3EDB9EF62EC96433005731B8 /* Build configuration list for PBXProject "Garcia-SanchezLeslieFinal" */;
			developmentRegion = en;
			hasScannedForEncodings = 0;
			knownRegions = (
				en,
				Base,
			);
			mainGroup = 3EDB9EF22EC96433005731B8;
			minimizedProjectReferenceProxies = 1;
			packageReferences = (
				3EDB9F522ECB0927005731B8 /* XCRemoteSwiftPackageReference "firebase-ios-sdk" */,
			);
			preferredProjectObjectVersion = 77;
			productRefGroup = 3EDB9EFC2EC96433005731B8 /* Products */;
			projectDirPath = "";
			projectRoot = "";
			targets = (
				3EDB9EFA2EC96433005731B8 /* Garcia-SanchezLeslieFinal */,
				3EDB9F072EC96436005731B8 /* Garcia-SanchezLeslieFinalTests */,
				3EDB9F112EC96436005731B8 /* Garcia-SanchezLeslieFinalUITests */,
			);
		};
/* End PBXProject section */

/* Begin PBXResourcesBuildPhase section */
		3EDB9EF92EC96433005731B8 /* Resources */ = {
			isa = PBXResourcesBuildPhase;
			buildActionMask = 2147483647;
			files = (
			);
			runOnlyForDeploymentPostprocessing = 0;
		};
		3EDB9F062EC96436005731B8 /* Resources */ = {
			isa = PBXResourcesBuildPhase;
			buildActionMask = 2147483647;
			files = (
			);
			runOnlyForDeploymentPostprocessing = 0;
		};
		3EDB9F102EC96436005731B8 /* Resources */ = {
			isa = PBXResourcesBuildPhase;
			buildActionMask = 2147483647;
			files = (
			);
			runOnlyForDeploymentPostprocessing = 0;
		};
/* End PBXResourcesBuildPhase section */

/* Begin PBXSourcesBuildPhase section */
		3EDB9EF72EC96433005731B8 /* Sources */ = {
			isa = PBXSourcesBuildPhase;
			buildActionMask = 2147483647;
			files = (
			);
			runOnlyForDeploymentPostprocessing = 0;
		};
		3EDB9F042EC96436005731B8 /* Sources */ = {
			isa = PBXSourcesBuildPhase;
			buildActionMask = 2147483647;
			files = (
			);
			runOnlyForDeploymentPostprocessing = 0;
		};
		3EDB9F0E2EC96436005731B8 /* Sources */ = {
			isa = PBXSourcesBuildPhase;
			buildActionMask = 2147483647;
			files = (
			);
			runOnlyForDeploymentPostprocessing = 0;
		};
/* End PBXSourcesBuildPhase section */

/* Begin PBXTargetDependency section */
		3EDB9F0A2EC96436005731B8 /* PBXTargetDependency */ = {
			isa = PBXTargetDependency;
			target = 3EDB9EFA2EC96433005731B8 /* Garcia-SanchezLeslieFinal */;
			targetProxy = 3EDB9F092EC96436005731B8 /* PBXContainerItemProxy */;
		};
		3EDB9F142EC96436005731B8 /* PBXTargetDependency */ = {
			isa = PBXTargetDependency;
			target = 3EDB9EFA2EC96433005731B8 /* Garcia-SanchezLeslieFinal */;
			targetProxy = 3EDB9F132EC96436005731B8 /* PBXContainerItemProxy */;
		};
/* End PBXTargetDependency section */

/* Begin XCBuildConfiguration section */
		3EDB9F1A2EC96436005731B8 /* Debug */ = {
			isa = XCBuildConfiguration;
			buildSettings = {
				ALWAYS_SEARCH_USER_PATHS = NO;
				ASSETCATALOG_COMPILER_GENERATE_SWIFT_ASSET_SYMBOL_EXTENSIONS = YES;
				CLANG_ANALYZER_NONNULL = YES;
				CLANG_ANALYZER_NUMBER_OBJECT_CONVERSION = YES_AGGRESSIVE;
				CLANG_CXX_LANGUAGE_STANDARD = "gnu++20";
				CLANG_ENABLE_MODULES = YES;
				CLANG_ENABLE_OBJC_ARC = YES;
				CLANG_ENABLE_OBJC_WEAK = YES;
				CLANG_WARN_BLOCK_CAPTURE_AUTORELEASING = YES;
				CLANG_WARN_BOOL_CONVERSION = YES;
				CLANG_WARN_COMMA = YES;
				CLANG_WARN_CONSTANT_CONVERSION = YES;
				CLANG_WARN_DEPRECATED_OBJC_IMPLEMENTATIONS = YES;
				CLANG_WARN_DIRECT_OBJC_ISA_USAGE = YES_ERROR;
				CLANG_WARN_DOCUMENTATION_COMMENTS = YES;
				CLANG_WARN_EMPTY_BODY = YES;
				CLANG_WARN_ENUM_CONVERSION = YES;
				CLANG_WARN_INFINITE_RECURSION = YES;
				CLANG_WARN_INT_CONVERSION = YES;
				CLANG_WARN_NON_LITERAL_NULL_CONVERSION = YES;
				CLANG_WARN_OBJC_IMPLICIT_RETAIN_SELF = YES;
				CLANG_WARN_OBJC_LITERAL_CONVERSION = YES;
				CLANG_WARN_OBJC_ROOT_CLASS = YES_ERROR;
				CLANG_WARN_QUOTED_INCLUDE_IN_FRAMEWORK_HEADER = YES;
				CLANG_WARN_RANGE_LOOP_ANALYSIS = YES;
				CLANG_WARN_STRICT_PROTOTYPES = YES;
				CLANG_WARN_SUSPICIOUS_MOVE = YES;
				CLANG_WARN_UNGUARDED_AVAILABILITY = YES_AGGRESSIVE;
				CLANG_WARN_UNREACHABLE_CODE = YES;
				CLANG_WARN__DUPLICATE_METHOD_MATCH = YES;
				COPY_PHASE_STRIP = NO;
				DEBUG_INFORMATION_FORMAT = dwarf;
				DEVELOPMENT_TEAM = 94Z55Z4CVA;
				ENABLE_STRICT_OBJC_MSGSEND = YES;
				ENABLE_TESTABILITY = YES;
				ENABLE_USER_SCRIPT_SANDBOXING = YES;
				GCC_C_LANGUAGE_STANDARD = gnu17;
				GCC_DYNAMIC_NO_PIC = NO;
				GCC_NO_COMMON_BLOCKS = YES;
				GCC_OPTIMIZATION_LEVEL = 0;
				GCC_PREPROCESSOR_DEFINITIONS = (
					"DEBUG=1",
					"$(inherited)",
				);
				GCC_WARN_64_TO_32_BIT_CONVERSION = YES;
				GCC_WARN_ABOUT_RETURN_TYPE = YES_ERROR;
				GCC_WARN_UNDECLARED_SELECTOR = YES;
				GCC_WARN_UNINITIALIZED_AUTOS = YES_AGGRESSIVE;
				GCC_WARN_UNUSED_FUNCTION = YES;
				GCC_WARN_UNUSED_VARIABLE = YES;
				IPHONEOS_DEPLOYMENT_TARGET = 26.1;
				LOCALIZATION_PREFERS_STRING_CATALOGS = YES;
				MTL_ENABLE_DEBUG_INFO = INCLUDE_SOURCE;
				MTL_FAST_MATH = YES;
				ONLY_ACTIVE_ARCH = YES;
				SDKROOT = iphoneos;
				SWIFT_ACTIVE_COMPILATION_CONDITIONS = "DEBUG $(inherited)";
				SWIFT_OPTIMIZATION_LEVEL = "-Onone";
			};
			name = Debug;
		};
		3EDB9F1B2EC96436005731B8 /* Release */ = {
			isa = XCBuildConfiguration;
			buildSettings = {
				ALWAYS_SEARCH_USER_PATHS = NO;
				ASSETCATALOG_COMPILER_GENERATE_SWIFT_ASSET_SYMBOL_EXTENSIONS = YES;
				CLANG_ANALYZER_NONNULL = YES;
				CLANG_ANALYZER_NUMBER_OBJECT_CONVERSION = YES_AGGRESSIVE;
				CLANG_CXX_LANGUAGE_STANDARD = "gnu++20";
				CLANG_ENABLE_MODULES = YES;
				CLANG_ENABLE_OBJC_ARC = YES;
				CLANG_ENABLE_OBJC_WEAK = YES;
				CLANG_WARN_BLOCK_CAPTURE_AUTORELEASING = YES;
				CLANG_WARN_BOOL_CONVERSION = YES;
				CLANG_WARN_COMMA = YES;
				CLANG_WARN_CONSTANT_CONVERSION = YES;
				CLANG_WARN_DEPRECATED_OBJC_IMPLEMENTATIONS = YES;
				CLANG_WARN_DIRECT_OBJC_ISA_USAGE = YES_ERROR;
				CLANG_WARN_DOCUMENTATION_COMMENTS = YES;
				CLANG_WARN_EMPTY_BODY = YES;
				CLANG_WARN_ENUM_CONVERSION = YES;
				CLANG_WARN_INFINITE_RECURSION = YES;
				CLANG_WARN_INT_CONVERSION = YES;
				CLANG_WARN_NON_LITERAL_NULL_CONVERSION = YES;
				CLANG_WARN_OBJC_IMPLICIT_RETAIN_SELF = YES;
				CLANG_WARN_OBJC_LITERAL_CONVERSION = YES;
				CLANG_WARN_OBJC_ROOT_CLASS = YES_ERROR;
				CLANG_WARN_QUOTED_INCLUDE_IN_FRAMEWORK_HEADER = YES;
				CLANG_WARN_RANGE_LOOP_ANALYSIS = YES;
				CLANG_WARN_STRICT_PROTOTYPES = YES;
				CLANG_WARN_SUSPICIOUS_MOVE = YES;
				CLANG_WARN_UNGUARDED_AVAILABILITY = YES_AGGRESSIVE;
				CLANG_WARN_UNREACHABLE_CODE = YES;
				CLANG_WARN__DUPLICATE_METHOD_MATCH = YES;
				COPY_PHASE_STRIP = NO;
				DEBUG_INFORMATION_FORMAT = "dwarf-with-dsym";
				DEVELOPMENT_TEAM = 94Z55Z4CVA;
				ENABLE_NS_ASSERTIONS = NO;
				ENABLE_STRICT_OBJC_MSGSEND = YES;
				ENABLE_USER_SCRIPT_SANDBOXING = YES;
				GCC_C_LANGUAGE_STANDARD = gnu17;
				GCC_NO_COMMON_BLOCKS = YES;
				GCC_WARN_64_TO_32_BIT_CONVERSION = YES;
				GCC_WARN_ABOUT_RETURN_TYPE = YES_ERROR;
				GCC_WARN_UNDECLARED_SELECTOR = YES;
				GCC_WARN_UNINITIALIZED_AUTOS = YES_AGGRESSIVE;
				GCC_WARN_UNUSED_FUNCTION = YES;
				GCC_WARN_UNUSED_VARIABLE = YES;
				IPHONEOS_DEPLOYMENT_TARGET = 26.1;
				LOCALIZATION_PREFERS_STRING_CATALOGS = YES;
				MTL_ENABLE_DEBUG_INFO = NO;
				MTL_FAST_MATH = YES;
				SDKROOT = iphoneos;
				SWIFT_COMPILATION_MODE = wholemodule;
				VALIDATE_PRODUCT = YES;
			};
			name = Release;
		};
		3EDB9F1D2EC96436005731B8 /* Debug */ = {
			isa = XCBuildConfiguration;
			buildSettings = {
				ASSETCATALOG_COMPILER_APPICON_NAME = AppIcon;
				ASSETCATALOG_COMPILER_GLOBAL_ACCENT_COLOR_NAME = AccentColor;
				CODE_SIGN_STYLE = Automatic;
				CURRENT_PROJECT_VERSION = 1;
				DEVELOPMENT_TEAM = 94Z55Z4CVA;
				ENABLE_PREVIEWS = YES;
				GENERATE_INFOPLIST_FILE = YES;
				INFOPLIST_KEY_UIApplicationSceneManifest_Generation = YES;
				INFOPLIST_KEY_UIApplicationSupportsIndirectInputEvents = YES;
				INFOPLIST_KEY_UILaunchScreen_Generation = YES;
				INFOPLIST_KEY_UISupportedInterfaceOrientations_iPad = "UIInterfaceOrientationPortrait UIInterfaceOrientationPortraitUpsideDown UIInterfaceOrientationLandscapeLeft UIInterfaceOrientationLandscapeRight";
				INFOPLIST_KEY_UISupportedInterfaceOrientations_iPhone = "UIInterfaceOrientationPortrait UIInterfaceOrientationLandscapeLeft UIInterfaceOrientationLandscapeRight";
				IPHONEOS_DEPLOYMENT_TARGET = 16.6;
				LD_RUNPATH_SEARCH_PATHS = (
					"$(inherited)",
					"@executable_path/Frameworks",
				);
				MARKETING_VERSION = 1.0;
				PRODUCT_BUNDLE_IDENTIFIER = "leslieUSC.Garcia-SanchezLeslieFinal";
				PRODUCT_NAME = "$(TARGET_NAME)";
				STRING_CATALOG_GENERATE_SYMBOLS = YES;
				SWIFT_APPROACHABLE_CONCURRENCY = YES;
				SWIFT_DEFAULT_ACTOR_ISOLATION = MainActor;
				SWIFT_EMIT_LOC_STRINGS = YES;
				SWIFT_UPCOMING_FEATURE_MEMBER_IMPORT_VISIBILITY = YES;
				SWIFT_VERSION = 5.0;
				TARGETED_DEVICE_FAMILY = "1,2";
			};
			name = Debug;
		};
		3EDB9F1E2EC96436005731B8 /* Release */ = {
			isa = XCBuildConfiguration;
			buildSettings = {
				ASSETCATALOG_COMPILER_APPICON_NAME = AppIcon;
				ASSETCATALOG_COMPILER_GLOBAL_ACCENT_COLOR_NAME = AccentColor;
				CODE_SIGN_STYLE = Automatic;
				CURRENT_PROJECT_VERSION = 1;
				DEVELOPMENT_TEAM = 94Z55Z4CVA;
				ENABLE_PREVIEWS = YES;
				GENERATE_INFOPLIST_FILE = YES;
				INFOPLIST_KEY_UIApplicationSceneManifest_Generation = YES;
				INFOPLIST_KEY_UIApplicationSupportsIndirectInputEvents = YES;
				INFOPLIST_KEY_UILaunchScreen_Generation = YES;
				INFOPLIST_KEY_UISupportedInterfaceOrientations_iPad = "UIInterfaceOrientationPortrait UIInterfaceOrientationPortraitUpsideDown UIInterfaceOrientationLandscapeLeft UIInterfaceOrientationLandscapeRight";
				INFOPLIST_KEY_UISupportedInterfaceOrientations_iPhone = "UIInterfaceOrientationPortrait UIInterfaceOrientationLandscapeLeft UIInterfaceOrientationLandscapeRight";
				IPHONEOS_DEPLOYMENT_TARGET = 16.6;
				LD_RUNPATH_SEARCH_PATHS = (
					"$(inherited)",
					"@executable_path/Frameworks",
				);
				MARKETING_VERSION = 1.0;
				PRODUCT_BUNDLE_IDENTIFIER = "leslieUSC.Garcia-SanchezLeslieFinal";
				PRODUCT_NAME = "$(TARGET_NAME)";
				STRING_CATALOG_GENERATE_SYMBOLS = YES;
				SWIFT_APPROACHABLE_CONCURRENCY = YES;
				SWIFT_DEFAULT_ACTOR_ISOLATION = MainActor;
				SWIFT_EMIT_LOC_STRINGS = YES;
				SWIFT_UPCOMING_FEATURE_MEMBER_IMPORT_VISIBILITY = YES;
				SWIFT_VERSION = 5.0;
				TARGETED_DEVICE_FAMILY = "1,2";
			};
			name = Release;
		};
		3EDB9F202EC96436005731B8 /* Debug */ = {
			isa = XCBuildConfiguration;
			buildSettings = {
				BUNDLE_LOADER = "$(TEST_HOST)";
				CODE_SIGN_STYLE = Automatic;
				CURRENT_PROJECT_VERSION = 1;
				DEVELOPMENT_TEAM = 94Z55Z4CVA;
				GENERATE_INFOPLIST_FILE = YES;
				IPHONEOS_DEPLOYMENT_TARGET = 26.1;
				MARKETING_VERSION = 1.0;
				PRODUCT_BUNDLE_IDENTIFIER = "leslieUSC.Garcia-SanchezLeslieFinalTests";
				PRODUCT_NAME = "$(TARGET_NAME)";
				STRING_CATALOG_GENERATE_SYMBOLS = NO;
				SWIFT_APPROACHABLE_CONCURRENCY = YES;
				SWIFT_EMIT_LOC_STRINGS = NO;
				SWIFT_UPCOMING_FEATURE_MEMBER_IMPORT_VISIBILITY = YES;
				SWIFT_VERSION = 5.0;
				TARGETED_DEVICE_FAMILY = "1,2";
				TEST_HOST = "$(BUILT_PRODUCTS_DIR)/Garcia-SanchezLeslieFinal.app/$(BUNDLE_EXECUTABLE_FOLDER_PATH)/Garcia-SanchezLeslieFinal";
			};
			name = Debug;
		};
		3EDB9F212EC96436005731B8 /* Release */ = {
			isa = XCBuildConfiguration;
			buildSettings = {
				BUNDLE_LOADER = "$(TEST_HOST)";
				CODE_SIGN_STYLE = Automatic;
				CURRENT_PROJECT_VERSION = 1;
				DEVELOPMENT_TEAM = 94Z55Z4CVA;
				GENERATE_INFOPLIST_FILE = YES;
				IPHONEOS_DEPLOYMENT_TARGET = 26.1;
				MARKETING_VERSION = 1.0;
				PRODUCT_BUNDLE_IDENTIFIER = "leslieUSC.Garcia-SanchezLeslieFinalTests";
				PRODUCT_NAME = "$(TARGET_NAME)";
				STRING_CATALOG_GENERATE_SYMBOLS = NO;
				SWIFT_APPROACHABLE_CONCURRENCY = YES;
				SWIFT_EMIT_LOC_STRINGS = NO;
				SWIFT_UPCOMING_FEATURE_MEMBER_IMPORT_VISIBILITY = YES;
				SWIFT_VERSION = 5.0;
				TARGETED_DEVICE_FAMILY = "1,2";
				TEST_HOST = "$(BUILT_PRODUCTS_DIR)/Garcia-SanchezLeslieFinal.app/$(BUNDLE_EXECUTABLE_FOLDER_PATH)/Garcia-SanchezLeslieFinal";
			};
			name = Release;
		};
		3EDB9F232EC96436005731B8 /* Debug */ = {
			isa = XCBuildConfiguration;
			buildSettings = {
				CODE_SIGN_STYLE = Automatic;
				CURRENT_PROJECT_VERSION = 1;
				DEVELOPMENT_TEAM = 94Z55Z4CVA;
				GENERATE_INFOPLIST_FILE = YES;
				MARKETING_VERSION = 1.0;
				PRODUCT_BUNDLE_IDENTIFIER = "leslieUSC.Garcia-SanchezLeslieFinalUITests";
				PRODUCT_NAME = "$(TARGET_NAME)";
				STRING_CATALOG_GENERATE_SYMBOLS = NO;
				SWIFT_APPROACHABLE_CONCURRENCY = YES;
				SWIFT_EMIT_LOC_STRINGS = NO;
				SWIFT_UPCOMING_FEATURE_MEMBER_IMPORT_VISIBILITY = YES;
				SWIFT_VERSION = 5.0;
				TARGETED_DEVICE_FAMILY = "1,2";
				TEST_TARGET_NAME = "Garcia-SanchezLeslieFinal";
			};
			name = Debug;
		};
		3EDB9F242EC96436005731B8 /* Release */ = {
			isa = XCBuildConfiguration;
			buildSettings = {
				CODE_SIGN_STYLE = Automatic;
				CURRENT_PROJECT_VERSION = 1;
				DEVELOPMENT_TEAM = 94Z55Z4CVA;
				GENERATE_INFOPLIST_FILE = YES;
				MARKETING_VERSION = 1.0;
				PRODUCT_BUNDLE_IDENTIFIER = "leslieUSC.Garcia-SanchezLeslieFinalUITests";
				PRODUCT_NAME = "$(TARGET_NAME)";
				STRING_CATALOG_GENERATE_SYMBOLS = NO;
				SWIFT_APPROACHABLE_CONCURRENCY = YES;
				SWIFT_EMIT_LOC_STRINGS = NO;
				SWIFT_UPCOMING_FEATURE_MEMBER_IMPORT_VISIBILITY = YES;
				SWIFT_VERSION = 5.0;
				TARGETED_DEVICE_FAMILY = "1,2";
				TEST_TARGET_NAME = "Garcia-SanchezLeslieFinal";
			};
			name = Release;
		};
/* End XCBuildConfiguration section */

/* Begin XCConfigurationList section */
		3EDB9EF62EC96433005731B8 /* Build configuration list for PBXProject "Garcia-SanchezLeslieFinal" */ = {
			isa = XCConfigurationList;
			buildConfigurations = (
				3EDB9F1A2EC96436005731B8 /* Debug */,
				3EDB9F1B2EC96436005731B8 /* Release */,
			);
			defaultConfigurationIsVisible = 0;
			defaultConfigurationName = Release;
		};
		3EDB9F1C2EC96436005731B8 /* Build configuration list for PBXNativeTarget "Garcia-SanchezLeslieFinal" */ = {
			isa = XCConfigurationList;
			buildConfigurations = (
				3EDB9F1D2EC96436005731B8 /* Debug */,
				3EDB9F1E2EC96436005731B8 /* Release */,
			);
			defaultConfigurationIsVisible = 0;
			defaultConfigurationName = Release;
		};
		3EDB9F1F2EC96436005731B8 /* Build configuration list for PBXNativeTarget "Garcia-SanchezLeslieFinalTests" */ = {
			isa = XCConfigurationList;
			buildConfigurations = (
				3EDB9F202EC96436005731B8 /* Debug */,
				3EDB9F212EC96436005731B8 /* Release */,
			);
			defaultConfigurationIsVisible = 0;
			defaultConfigurationName = Release;
		};
		3EDB9F222EC96436005731B8 /* Build configuration list for PBXNativeTarget "Garcia-SanchezLeslieFinalUITests" */ = {
			isa = XCConfigurationList;
			buildConfigurations = (
				3EDB9F232EC96436005731B8 /* Debug */,
				3EDB9F242EC96436005731B8 /* Release */,
			);
			defaultConfigurationIsVisible = 0;
			defaultConfigurationName = Release;
		};
/* End XCConfigurationList section */

/* Begin XCRemoteSwiftPackageReference section */
		3EDB9F522ECB0927005731B8 /* XCRemoteSwiftPackageReference "firebase-ios-sdk" */ = {
			isa = XCRemoteSwiftPackageReference;
			repositoryURL = "https://github.com/firebase/firebase-ios-sdk";
			requirement = {
				kind = upToNextMajorVersion;
				minimumVersion = 12.6.0;
			};
		};
/* End XCRemoteSwiftPackageReference section */

/* Begin XCSwiftPackageProductDependency section */
		3EDB9F542ECB106B005731B8 /* FirebaseCore */ = {
			isa = XCSwiftPackageProductDependency;
			package = 3EDB9F522ECB0927005731B8 /* XCRemoteSwiftPackageReference "firebase-ios-sdk" */;
			productName = FirebaseCore;
		};
		3EDB9F562ECB107B005731B8 /* FirebaseFirestore */ = {
			isa = XCSwiftPackageProductDependency;
			package = 3EDB9F522ECB0927005731B8 /* XCRemoteSwiftPackageReference "firebase-ios-sdk" */;
			productName = FirebaseFirestore;
		};
		3EDB9F582ECB1080005731B8 /* FirebaseAuth */ = {
			isa = XCSwiftPackageProductDependency;
			package = 3EDB9F522ECB0927005731B8 /* XCRemoteSwiftPackageReference "firebase-ios-sdk" */;
			productName = FirebaseAuth;
		};
		3EDB9F5A2ECB1090005731B8 /* FirebaseStorage */ = {
			isa = XCSwiftPackageProductDependency;
			package = 3EDB9F522ECB0927005731B8 /* XCRemoteSwiftPackageReference "firebase-ios-sdk" */;
			productName = FirebaseStorage;
		};
/* End XCSwiftPackageProductDependency section */
	};
	rootObject = 3EDB9EF32EC96433005731B8 /* Project object */;
}
